
Microsoft Visual Studio Solution File, Format Version 12.00
# Visual Studio Version 16
VisualStudioVersion = 16.0.31129.286
MinimumVisualStudioVersion = 10.0.40219.1
Project("{9A19103F-16F7-4668-BE54-9A1E7A4F7556}") = "DAL", "DAL\DAL.csproj", "{2BFDE2C6-7F7F-4274-98EA-99B47350717E}"
EndProject
Project("{9A19103F-16F7-4668-BE54-9A1E7A4F7556}") = "WebApp", "WebApp\WebApp.csproj", "{CB9FF346-C515-4BAC-8CB0-DDA06641793F}"
EndProject
Project("{9A19103F-16F7-4668-BE54-9A1E7A4F7556}") = "Repository", "Repository\Repository.csproj", "{6FE8B732-3D16-4344-8296-B3ACBF87793C}"
EndProject
Project("{9A19103F-16F7-4668-BE54-9A1E7A4F7556}") = "DomainModels", "DomainModels\DomainModels.csproj", "{6EEDE4AE-A93B-4335-ABD1-16A42F04A73A}"
EndProject
Project("{9A19103F-16F7-4668-BE54-9A1E7A4F7556}") = "WebApp.UnitTest", "WebApp.UnitTest\WebApp.UnitTest.csproj", "{93BCA140-666B-4753-B719-346BD1F19B99}"
EndProject
Project("{9A19103F-16F7-4668-BE54-9A1E7A4F7556}") = "WebAPI", "WebAPI\WebAPI.csproj", "{20BB2185-32F1-48FD-A71F-990D6CB67D55}"
EndProject
Project("{FAE04EC0-301F-11D3-BF4B-00C04F79EFBC}") = "WebApp.Xunit", "WebApp.Xunit\WebApp.Xunit.csproj", "{10BEEC22-CA7B-4DF9-BCA5-945DEDB347F1}"
EndProject
Global
	GlobalSection(SolutionConfigurationPlatforms) = preSolution
		Debug|Any CPU = Debug|Any CPU
		Release|Any CPU = Release|Any CPU
	EndGlobalSection
	GlobalSection(ProjectConfigurationPlatforms) = postSolution
		{2BFDE2C6-7F7F-4274-98EA-99B47350717E}.Debug|Any CPU.ActiveCfg = Debug|Any CPU
		{2BFDE2C6-7F7F-4274-98EA-99B47350717E}.Debug|Any CPU.Build.0 = Debug|Any CPU
		{2BFDE2C6-7F7F-4274-98EA-99B47350717E}.Release|Any CPU.ActiveCfg = Release|Any CPU
		{2BFDE2C6-7F7F-4274-98EA-99B47350717E}.Release|Any CPU.Build.0 = Release|Any CPU
		{CB9FF346-C515-4BAC-8CB0-DDA06641793F}.Debug|Any CPU.ActiveCfg = Debug|Any CPU
		{CB9FF346-C515-4BAC-8CB0-DDA06641793F}.Debug|Any CPU.Build.0 = Debug|Any CPU
		{CB9FF346-C515-4BAC-8CB0-DDA06641793F}.Release|Any CPU.ActiveCfg = Release|Any CPU
		{CB9FF346-C515-4BAC-8CB0-DDA06641793F}.Release|Any CPU.Build.0 = Release|Any CPU
		{6FE8B732-3D16-4344-8296-B3ACBF87793C}.Debug|Any CPU.ActiveCfg = Debug|Any CPU
		{6FE8B732-3D16-4344-8296-B3ACBF87793C}.Debug|Any CPU.Build.0 = Debug|Any CPU
		{6FE8B732-3D16-4344-8296-B3ACBF87793C}.Release|Any CPU.ActiveCfg = Release|Any CPU
		{6FE8B732-3D16-4344-8296-B3ACBF87793C}.Release|Any CPU.Build.0 = Release|Any CPU
		{6EEDE4AE-A93B-4335-ABD1-16A42F04A73A}.Debug|Any CPU.ActiveCfg = Debug|Any CPU
		{6EEDE4AE-A93B-4335-ABD1-16A42F04A73A}.Debug|Any CPU.Build.0 = Debug|Any CPU
		{6EEDE4AE-A93B-4335-ABD1-16A42F04A73A}.Release|Any CPU.ActiveCfg = Release|Any CPU
		{6EEDE4AE-A93B-4335-ABD1-16A42F04A73A}.Release|Any CPU.Build.0 = Release|Any CPU
		{93BCA140-666B-4753-B719-346BD1F19B99}.Debug|Any CPU.ActiveCfg = Debug|Any CPU
		{93BCA140-666B-4753-B719-346BD1F19B99}.Debug|Any CPU.Build.0 = Debug|Any CPU
		{93BCA140-666B-4753-B719-346BD1F19B99}.Release|Any CPU.ActiveCfg = Release|Any CPU
		{93BCA140-666B-4753-B719-346BD1F19B99}.Release|Any CPU.Build.0 = Release|Any CPU
		{20BB2185-32F1-48FD-A71F-990D6CB67D55}.Debug|Any CPU.ActiveCfg = Debug|Any CPU
		{20BB2185-32F1-48FD-A71F-990D6CB67D55}.Debug|Any CPU.Build.0 = Debug|Any CPU
		{20BB2185-32F1-48FD-A71F-990D6CB67D55}.Release|Any CPU.ActiveCfg = Release|Any CPU
		{20BB2185-32F1-48FD-A71F-990D6CB67D55}.Release|Any CPU.Build.0 = Release|Any CPU
		{10BEEC22-CA7B-4DF9-BCA5-945DEDB347F1}.Debug|Any CPU.ActiveCfg = Debug|Any CPU
		{10BEEC22-CA7B-4DF9-BCA5-945DEDB347F1}.Debug|Any CPU.Build.0 = Debug|Any CPU
		{10BEEC22-CA7B-4DF9-BCA5-945DEDB347F1}.Release|Any CPU.ActiveCfg = Release|Any CPU
		{10BEEC22-CA7B-4DF9-BCA5-945DEDB347F1}.Release|Any CPU.Build.0 = Release|Any CPU
	EndGlobalSection
	GlobalSection(SolutionProperties) = preSolution
		HideSolutionNode = FALSE
	EndGlobalSection
	GlobalSection(ExtensibilityGlobals) = postSolution
		SolutionGuid = {9684CE5C-C3DF-478C-B329-2A258A0F5CE3}
	EndGlobalSection
EndGlobal
